
Microsoft Visual Studio Solution File, Format Version 12.00
# Visual Studio Version 17
VisualStudioVersion = 17.8.34227.203
MinimumVisualStudioVersion = 10.0.40219.1
Project("{9A19103F-16F7-4668-BE54-9A1E7A4F7556}") = "FinEngWeb", "FinEngWeb\FinEngWeb.csproj", "{F2631AB1-EF9C-4118-9DB3-E5C8836F2BAE}"
EndProject
Project("{FAE04EC0-301F-11D3-BF4B-00C04F79EFBC}") = "FinEng.DataAccess", "FinEng.DataAccess\FinEng.DataAccess.csproj", "{08362647-3175-4066-9689-617F19FF339D}"
EndProject
Project("{FAE04EC0-301F-11D3-BF4B-00C04F79EFBC}") = "FinEng.Models", "FinEng.Models\FinEng.Models.csproj", "{9D8A1420-A4A3-4BDF-A98C-CF5E382FD852}"
EndProject
Project("{FAE04EC0-301F-11D3-BF4B-00C04F79EFBC}") = "FinEng.Utility", "FinEng.Utility\FinEng.Utility.csproj", "{3B793495-4481-4593-8DAC-CD89368C35DD}"
EndProject
Global
	GlobalSection(SolutionConfigurationPlatforms) = preSolution
		Debug|Any CPU = Debug|Any CPU
		Release|Any CPU = Release|Any CPU
	EndGlobalSection
	GlobalSection(ProjectConfigurationPlatforms) = postSolution
		{F2631AB1-EF9C-4118-9DB3-E5C8836F2BAE}.Debug|Any CPU.ActiveCfg = Debug|Any CPU
		{F2631AB1-EF9C-4118-9DB3-E5C8836F2BAE}.Debug|Any CPU.Build.0 = Debug|Any CPU
		{F2631AB1-EF9C-4118-9DB3-E5C8836F2BAE}.Release|Any CPU.ActiveCfg = Release|Any CPU
		{F2631AB1-EF9C-4118-9DB3-E5C8836F2BAE}.Release|Any CPU.Build.0 = Release|Any CPU
		{08362647-3175-4066-9689-617F19FF339D}.Debug|Any CPU.ActiveCfg = Debug|Any CPU
		{08362647-3175-4066-9689-617F19FF339D}.Debug|Any CPU.Build.0 = Debug|Any CPU
		{08362647-3175-4066-9689-617F19FF339D}.Release|Any CPU.ActiveCfg = Release|Any CPU
		{08362647-3175-4066-9689-617F19FF339D}.Release|Any CPU.Build.0 = Release|Any CPU
		{9D8A1420-A4A3-4BDF-A98C-CF5E382FD852}.Debug|Any CPU.ActiveCfg = Debug|Any CPU
		{9D8A1420-A4A3-4BDF-A98C-CF5E382FD852}.Debug|Any CPU.Build.0 = Debug|Any CPU
		{9D8A1420-A4A3-4BDF-A98C-CF5E382FD852}.Release|Any CPU.ActiveCfg = Release|Any CPU
		{9D8A1420-A4A3-4BDF-A98C-CF5E382FD852}.Release|Any CPU.Build.0 = Release|Any CPU
		{3B793495-4481-4593-8DAC-CD89368C35DD}.Debug|Any CPU.ActiveCfg = Debug|Any CPU
		{3B793495-4481-4593-8DAC-CD89368C35DD}.Debug|Any CPU.Build.0 = Debug|Any CPU
		{3B793495-4481-4593-8DAC-CD89368C35DD}.Release|Any CPU.ActiveCfg = Release|Any CPU
		{3B793495-4481-4593-8DAC-CD89368C35DD}.Release|Any CPU.Build.0 = Release|Any CPU
	EndGlobalSection
	GlobalSection(SolutionProperties) = preSolution
		HideSolutionNode = FALSE
	EndGlobalSection
	GlobalSection(ExtensibilityGlobals) = postSolution
		SolutionGuid = {0757DFB5-B0C2-445B-93FF-370F1FB33934}
	EndGlobalSection
EndGlobal
